{
    "_meta": {
        "hash": {
            "sha256": "a67a5b86487267d1a0b2ff83d7921dac7f45c13085bf399cbe1feda247520b44"
        },
        "pipfile-spec": 6,
        "requires": {
            "python_version": "3.12"
        },
        "sources": [
            {
                "name": "pypi",
                "url": "https://pypi.org/simple",
                "verify_ssl": true
            }
        ]
    },
    "default": {
        "colorama": {
            "hashes": [
                "sha256:08695f5cb7ed6e0531a20572697297273c47b8cae5a63ffc6d6ed5c201be6e44",
                "sha256:4f1d9991f5acc0ca119f9d443620b77f9d6b33703e51011c16baf57afb285fc6"
            ],
            "markers": "platform_system == 'Windows'",
            "version": "==0.4.6"
        },
        "exif": {
            "hashes": [
                "sha256:2d002b5740eb897da43de1e6a8f4ebacf5171b4d0b8bc0182c70aebde1be86d3",
                "sha256:36288d1ffc60030084a04c26f50cc32e19383a36cd234fcfa1fb1c6f698e1d36"
            ],
            "index": "pypi",
            "markers": "python_version >= '3.7'",
            "version": "==1.6.0"
        },
        "plum-py": {
            "hashes": [
                "sha256:40a25a70f7fd213f57cdd1decc65874df2d213d19d63478a1addcca748c13c4e",
                "sha256:d791f059ef159adbe3c3b036557b5b431fa07db226a9de106a74e5e57441741d"
            ],
            "markers": "python_version >= '3.6'",
            "version": "==0.8.7"
        },
        "tqdm": {
            "hashes": [
                "sha256:b75ca56b413b030bc3f00af51fd2c1a1a5eac6a0c1cca83cbb37a5c52abce644",
                "sha256:e4d936c9de8727928f3be6079590e97d9abfe8d39a590be678eb5919ffc186bb"
            ],
            "index": "pypi",
            "markers": "python_version >= '3.7'",
            "version": "==4.66.4"
        }
    },
    "develop": {}
}
